
Microsoft Visual Studio Solution File, Format Version 12.00
# Visual Studio Version 17
VisualStudioVersion = 17.12.35728.132 d17.12
MinimumVisualStudioVersion = 10.0.40219.1
Project("{FAE04EC0-301F-11D3-BF4B-00C04F79EFBC}") = "OpTIAtumLib", "OpTIAtumLib\OpTIAtumLib.csproj", "{5915E9BF-1BA4-4033-98EF-58EB1DF94A24}"
EndProject
Project("{FAE04EC0-301F-11D3-BF4B-00C04F79EFBC}") = "SmarTIAtumProjeX", "SmarTIAtumProjeX\SmarTIAtumProjeX.csproj", "{EA7696BF-FFDB-47E8-845B-945FC541AC83}"
EndProject
Global
	GlobalSection(SolutionConfigurationPlatforms) = preSolution
		Debug|Any CPU = Debug|Any CPU
		Release|Any CPU = Release|Any CPU
	EndGlobalSection
	GlobalSection(ProjectConfigurationPlatforms) = postSolution
		{5915E9BF-1BA4-4033-98EF-58EB1DF94A24}.Debug|Any CPU.ActiveCfg = Debug|Any CPU
		{5915E9BF-1BA4-4033-98EF-58EB1DF94A24}.Debug|Any CPU.Build.0 = Debug|Any CPU
		{5915E9BF-1BA4-4033-98EF-58EB1DF94A24}.Release|Any CPU.ActiveCfg = Release|Any CPU
		{5915E9BF-1BA4-4033-98EF-58EB1DF94A24}.Release|Any CPU.Build.0 = Release|Any CPU
		{EA7696BF-FFDB-47E8-845B-945FC541AC83}.Debug|Any CPU.ActiveCfg = Debug|Any CPU
		{EA7696BF-FFDB-47E8-845B-945FC541AC83}.Debug|Any CPU.Build.0 = Debug|Any CPU
		{EA7696BF-FFDB-47E8-845B-945FC541AC83}.Release|Any CPU.ActiveCfg = Release|Any CPU
		{EA7696BF-FFDB-47E8-845B-945FC541AC83}.Release|Any CPU.Build.0 = Release|Any CPU
	EndGlobalSection
	GlobalSection(SolutionProperties) = preSolution
		HideSolutionNode = FALSE
	EndGlobalSection
EndGlobal
